{
  "name": "core-modules",
  "version": "1.0.0",
  "lockfileVersion": 1,
  "requires": true,
  "dependencies": {
    "@skpm/buffer": {
      "version": "0.1.0",
      "resolved": "https://registry.npmjs.org/@skpm/buffer/-/buffer-0.1.0.tgz",
      "integrity": "sha512-RqjZpY8PKawhSJM3TZB6ZWuvrK4Orrnh3OhatwbsxQ2eCdTgp5Oc3JktSiCHhpnCJEbkOQTZdfzr52WPYv81qQ=="
    },
    "@skpm/console": {
      "version": "0.1.7",
      "resolved": "https://registry.npmjs.org/@skpm/console/-/console-0.1.7.tgz",
      "integrity": "sha512-N4/4pWHR64IV8CjjDutU5HJq2ur4zS8cFaDNhDRfsBIBtnzY68ruqCm9EIE/3LzHUM2RENdILHfkx5ebJhi9Ig==",
      "requires": {
        "@skpm/util": "^0.1.9"
      }
    },
    "@skpm/events": {
      "version": "0.1.1",
      "resolved": "https://registry.npmjs.org/@skpm/events/-/events-0.1.1.tgz",
      "integrity": "sha512-PZnIsHXUERT/TB3RG1ZywW0VQpJ5mvKyGw2H71FSO8xHxtATm/pwivDpdGW/9lQCD5foQK5u/HpR9IDOc3iuiQ=="
    },
    "@skpm/os": {
      "version": "0.1.1",
      "resolved": "https://registry.npmjs.org/@skpm/os/-/os-0.1.1.tgz",
      "integrity": "sha512-l8e5YedAyYXFwGHkdgh0m7v8u1GpKaVOhyKRIbIobTq2O1TFKnMK87xMzkzsCKD47PtZz33+ou4khxbLi3JCcw=="
    },
    "@skpm/path": {
      "version": "0.1.0",
      "resolved": "https://registry.npmjs.org/@skpm/path/-/path-0.1.0.tgz",
      "integrity": "sha512-ZUJlZ7weEP82MyxMm8bXu4Fm/7RDMr/jQDjPq6qJWNv+UhdbB5Oilgqi3irU3sj7EiuV0RTZ/vFL2TJ0IoyOfQ=="
    },
    "@skpm/timers": {
      "version": "0.1.0",
      "resolved": "https://registry.npmjs.org/@skpm/timers/-/timers-0.1.0.tgz",
      "integrity": "sha512-+bLxHYxCdU3IoWWThnLG3/9C+TD7BFULB7cSJx+banL3UxAFpiNSL6vtQNj6Vl6DliG0or6i0CQTi66RoUWK5w=="
    },
    "@skpm/util": {
      "version": "0.1.19",
      "resolved": "https://registry.npmjs.org/@skpm/util/-/util-0.1.19.tgz",
      "integrity": "sha512-vJm8T0M5cvegKIgRyV5VQTBF/cJHyMpT4uqE7EnTO7P0Wuhh1UBm6rxsf011Bt43NYNlGJiP6U7ajeXt0Jbkmg=="
    }
  }
}
