{
  "name": "core-modules",
  "version": "1.0.0",
  "lockfileVersion": 1,
  "requires": true,
  "dependencies": {
    "@skpm/console": {
      "version": "0.1.2",
      "resolved": "https://registry.npmjs.org/@skpm/console/-/console-0.1.2.tgz",
      "integrity": "sha512-ZKH0n8m4N7mIHFJIZ1ArJ/G/0fMMyNMwyf8En4Btcj2qk2TzyVPN+HGBmW/xOOM+KSLgAnrveZ47F5mtjhVufw==",
      "requires": {
        "@skpm/util": "0.1.8"
      }
    },
    "@skpm/events": {
      "version": "0.1.1",
      "resolved": "https://registry.npmjs.org/@skpm/events/-/events-0.1.1.tgz",
      "integrity": "sha512-PZnIsHXUERT/TB3RG1ZywW0VQpJ5mvKyGw2H71FSO8xHxtATm/pwivDpdGW/9lQCD5foQK5u/HpR9IDOc3iuiQ=="
    },
    "@skpm/util": {
      "version": "0.1.8",
      "resolved": "https://registry.npmjs.org/@skpm/util/-/util-0.1.8.tgz",
      "integrity": "sha512-yIE/ElyHhdEAqT4ap3VSzkLRwsZxqcRt/TX55feBDswpJBDD25IC+jUHYpf8nDcK07t3aNhbrYXxa6+yDNSz+Q=="
    }
  }
}
