# THIS IS AN AUTOGENERATED FILE. DO NOT EDIT THIS FILE DIRECTLY.
# yarn lockfile v1


"@skpm/buffer@0.1.4":
  version "0.1.4"
  resolved "https://registry.yarnpkg.com/@skpm/buffer/-/buffer-0.1.4.tgz#9c20c9345139354b86d90204f45fefed4e05a769"
  integrity sha512-Z4tBlbPCSQHknIQL+f0Ex4UhXeqUehtY2pbWFmwcYzk/KDIPRKzHZd4h79z0PHModvtZo7+0CUb/UaGtOfPo2A==

"@skpm/console@0.2.8":
  version "0.2.8"
  resolved "https://registry.yarnpkg.com/@skpm/console/-/console-0.2.8.tgz#2c7eec260f381f56c86c61635a6435e20edf1a9c"
  integrity sha512-nrgrdTaj//Jwzu4GmRGCYWAROrrtISgaCmg3+uxHEwGrwjqHvRq/pIFpUkqsBfnGXc9q2HPAP2g5lnNY7oEbdw==

"@skpm/events@0.2.0":
  version "0.2.0"
  resolved "https://registry.yarnpkg.com/@skpm/events/-/events-0.2.0.tgz#73381a78f680dd512326434db2ed244a7eddb209"
  integrity sha512-+teVA15/f0bKX26y42qGLM5zTS4ALsN9Ja/9YTx88X/TG9GARIl9Kqlc0ZpqgYV/lgpw1TgWEPdyoXSug12PHA==

"@skpm/os@0.1.1":
  version "0.1.1"
  resolved "https://registry.yarnpkg.com/@skpm/os/-/os-0.1.1.tgz#22098835ed05b706bff1e55df1930a7eecdd29ef"
  integrity sha512-l8e5YedAyYXFwGHkdgh0m7v8u1GpKaVOhyKRIbIobTq2O1TFKnMK87xMzkzsCKD47PtZz33+ou4khxbLi3JCcw==

"@skpm/path@0.1.4":
  version "0.1.4"
  resolved "https://registry.yarnpkg.com/@skpm/path/-/path-0.1.4.tgz#6d97c900cce15769239b14f97124eec3d7920e67"
  integrity sha512-HUieycySbwE8nNPHDIax5BXzQ2Nk/S8lHTYA50tfumwIqdww3yrtqUw5LAehfEsbwkHmzUxR+dklgOU2mckElA==

"@skpm/process@0.1.4":
  version "0.1.4"
  resolved "https://registry.yarnpkg.com/@skpm/process/-/process-0.1.4.tgz#b6e1add690caef4c0a030d983da51b6eb3aee792"
  integrity sha512-ufUEBZ/jv2lkM9Jm01T2Ouf8DXqU+I+vkLDiGkK4eCSfPodyxeoeo/yM1Yi/jZPFdrpdrPMusvkUNgS6h22xag==

"@skpm/querystring@0.1.0":
  version "0.1.0"
  resolved "https://registry.yarnpkg.com/@skpm/querystring/-/querystring-0.1.0.tgz#c1ab82e2ae0af517d21685c871d3c6ebd1a556d3"
  integrity sha512-IcQuSXnJbUppQz82fIE/gQrRUXmXUECYQgvdgdgPzROuU/7r11CfeRFooTVcggMMSHAzVhmrAkf8qPczP/gy0Q==

"@skpm/stream@0.1.4":
  version "0.1.4"
  resolved "https://registry.yarnpkg.com/@skpm/stream/-/stream-0.1.4.tgz#e85bec735d39018ee5d1a1bc0a5208a979d3e20f"
  integrity sha512-BagPWlRJKrGwUCdqet1WDkY+0uYdVm7X+ladG8jD2mEs/nyXuTAog4RdSOLZzxjgf2zu4GbCdjhxU5l2kGkPyQ==

"@skpm/string_decoder@0.1.5":
  version "0.1.5"
  resolved "https://registry.yarnpkg.com/@skpm/string_decoder/-/string_decoder-0.1.5.tgz#f6c41294cc81f4301f72f383be2f4dfba03e8ad9"
  integrity sha512-htrAeDW7B9RKVhsgjwo4PmHs1qLSSBJQGsq/54o96uiCmLGzmivKIxSBPfdnOstw1OMie13kK0zt1cvFFSCfMg==

"@skpm/timers@0.2.0":
  version "0.2.0"
  resolved "https://registry.yarnpkg.com/@skpm/timers/-/timers-0.2.0.tgz#c7f409627a7e24b1c893ce9b6ee86b93fa4195d6"
  integrity sha512-xlCKvGNqWBPDUX4fE+dUEvBre1490eFsaSxOJiiKsbzNDNxRe/APloMIFkI2qaaRMqqYCPOjTIvnUb20h4YyLA==

"@skpm/util@0.1.28":
  version "0.1.28"
  resolved "https://registry.yarnpkg.com/@skpm/util/-/util-0.1.28.tgz#84816ddb90d3668530d6129b470bb8968f7ababd"
  integrity sha512-3sB/WfjX0kLdJmT7Z9h/vnnDORqjJ+W5LfLKpc7e3NhVJyTz3VgJ30GkX5H2QZwD6pCai1su2VppvxKkFnIJ6w==
