// !$*UTF8*$!
{
	archiveVersion = 1;
	classes = {
	};
	objectVersion = 50;
	objects = {

/* Begin PBXAggregateTarget section */
		4371214B2469F0F6000570FA /* SketchAPI */ = {
			isa = PBXAggregateTarget;
			buildConfigurationList = 4371214C2469F0F6000570FA /* Build configuration list for PBXAggregateTarget "SketchAPI" */;
			buildPhases = (
				4371214F2469F105000570FA /* Build SketchAPI */,
			);
			dependencies = (
			);
			name = SketchAPI;
			productName = SketchAPI;
		};
/* End PBXAggregateTarget section */

/* Begin PBXFileReference section */
		4376303D246AECFD00AD2CE1 /* install-sketchapi.sh */ = {isa = PBXFileReference; lastKnownFileType = text.script.sh; name = "install-sketchapi.sh"; path = "scripts/install-sketchapi.sh"; sourceTree = "<group>"; };
		4376303E246AED1700AD2CE1 /* package.json */ = {isa = PBXFileReference; lastKnownFileType = text.json; path = package.json; sourceTree = "<group>"; };
/* End PBXFileReference section */

/* Begin PBXGroup section */
		437121322469F097000570FA = {
			isa = PBXGroup;
			children = (
				4376303E246AED1700AD2CE1 /* package.json */,
				4376303D246AECFD00AD2CE1 /* install-sketchapi.sh */,
			);
			sourceTree = "<group>";
		};
/* End PBXGroup section */

/* Begin PBXProject section */
		437121332469F097000570FA /* Project object */ = {
			isa = PBXProject;
			attributes = {
				LastUpgradeCheck = 1140;
				TargetAttributes = {
					4371214B2469F0F6000570FA = {
						CreatedOnToolsVersion = 11.4.1;
					};
				};
			};
			buildConfigurationList = 437121362469F097000570FA /* Build configuration list for PBXProject "SketchAPI" */;
			compatibilityVersion = "Xcode 9.3";
			developmentRegion = en;
			hasScannedForEncodings = 0;
			knownRegions = (
				en,
				Base,
			);
			mainGroup = 437121322469F097000570FA;
			projectDirPath = "";
			projectRoot = "";
			targets = (
				4371214B2469F0F6000570FA /* SketchAPI */,
			);
		};
/* End PBXProject section */

/* Begin PBXShellScriptBuildPhase section */
		4371214F2469F105000570FA /* Build SketchAPI */ = {
			isa = PBXShellScriptBuildPhase;
			buildActionMask = 2147483647;
			files = (
			);
			inputFileListPaths = (
			);
			inputPaths = (
			);
			name = "Build SketchAPI";
			outputFileListPaths = (
			);
			outputPaths = (
				"",
				"$(SOURCE_ROOT)/build/",
			);
			runOnlyForDeploymentPostprocessing = 0;
			shellPath = /bin/zsh;
			shellScript = "EXIT_VALUE=0\nLEVEL=\"warning\"\nif [[ \"$BC_EXTERNAL_BUILD\" == \"YES\" ]]; then\n  EXIT_VALUE=1\n  LEVEL=\"error\"\nfi\n\nOUTPUT=`which npm`\nRETVAL=$?\n\nif [[ $RETVAL -ne 0 ]]; then\n  echo \"npm not found. Aborting SketchAPI build.\"\n  echo \"${FULL_PRODUCT_NAME}:13:1: ${LEVEL}: npm not found\"\n  exit $EXIT_VALUE\nfi\n\necho \"Running npm install.\"\nnpm install\nRETVAL=$?\nif [[ $RETVAL -ne 0 ]]; then\n  echo \"npm install failed. Aborting SketchAPI build.\"\n  echo \"${FULL_PRODUCT_NAME}:22:1: ${LEVEL}: npm install failed\"\n  exit $EXIT_VALUE\nfi\n\necho \"Executing npm run build.\"\nnpm run build\nRETVAL=$?\nif [[ $RETVAL -ne 0 ]]; then\n  echo \"npm run build failed. Aborting SketchAPI build.\"\n  echo \"${FULL_PRODUCT_NAME}:31:1: ${LEVEL}: npm run build failed\"\n  exit $EXIT_VALUE\nfi\n\necho \"project dir: $PROJECT_DIR\"\necho \"source dir: $SOURCE_ROOT\"\n";
		};
/* End PBXShellScriptBuildPhase section */

/* Begin XCBuildConfiguration section */
		437121372469F097000570FA /* Debug */ = {
			isa = XCBuildConfiguration;
			buildSettings = {
			};
			name = Debug;
		};
		437121382469F097000570FA /* Release */ = {
			isa = XCBuildConfiguration;
			buildSettings = {
			};
			name = Release;
		};
		4371214D2469F0F6000570FA /* Debug */ = {
			isa = XCBuildConfiguration;
			buildSettings = {
				PRODUCT_NAME = "$(TARGET_NAME)";
			};
			name = Debug;
		};
		4371214E2469F0F6000570FA /* Release */ = {
			isa = XCBuildConfiguration;
			buildSettings = {
				PRODUCT_NAME = "$(TARGET_NAME)";
			};
			name = Release;
		};
/* End XCBuildConfiguration section */

/* Begin XCConfigurationList section */
		437121362469F097000570FA /* Build configuration list for PBXProject "SketchAPI" */ = {
			isa = XCConfigurationList;
			buildConfigurations = (
				437121372469F097000570FA /* Debug */,
				437121382469F097000570FA /* Release */,
			);
			defaultConfigurationIsVisible = 0;
			defaultConfigurationName = Release;
		};
		4371214C2469F0F6000570FA /* Build configuration list for PBXAggregateTarget "SketchAPI" */ = {
			isa = XCConfigurationList;
			buildConfigurations = (
				4371214D2469F0F6000570FA /* Debug */,
				4371214E2469F0F6000570FA /* Release */,
			);
			defaultConfigurationIsVisible = 0;
			defaultConfigurationName = Release;
		};
/* End XCConfigurationList section */
	};
	rootObject = 437121332469F097000570FA /* Project object */;
}
